
Microsoft Visual Studio Solution File, Format Version 12.00
# Visual Studio Version 16
VisualStudioVersion = 16.0.31205.134
MinimumVisualStudioVersion = 10.0.40219.1
Project("{FAE04EC0-301F-11D3-BF4B-00C04F79EFBC}") = "XamEFCore.Android", "XamEFCore\XamEFCore.Android\XamEFCore.Android.csproj", "{8C97F4CB-8170-49E4-86BF-73C19B271776}"
EndProject
Project("{FAE04EC0-301F-11D3-BF4B-00C04F79EFBC}") = "XamEFCore", "XamEFCore\XamEFCore\XamEFCore.csproj", "{2E158DA3-6240-469E-8C11-9DFCBC7FF177}"
EndProject
Global
	GlobalSection(SolutionConfigurationPlatforms) = preSolution
		Debug|Any CPU = Debug|Any CPU
		Release|Any CPU = Release|Any CPU
	EndGlobalSection
	GlobalSection(ProjectConfigurationPlatforms) = postSolution
		{8C97F4CB-8170-49E4-86BF-73C19B271776}.Debug|Any CPU.ActiveCfg = Debug|Any CPU
		{8C97F4CB-8170-49E4-86BF-73C19B271776}.Debug|Any CPU.Build.0 = Debug|Any CPU
		{8C97F4CB-8170-49E4-86BF-73C19B271776}.Debug|Any CPU.Deploy.0 = Debug|Any CPU
		{8C97F4CB-8170-49E4-86BF-73C19B271776}.Release|Any CPU.ActiveCfg = Release|Any CPU
		{8C97F4CB-8170-49E4-86BF-73C19B271776}.Release|Any CPU.Build.0 = Release|Any CPU
		{8C97F4CB-8170-49E4-86BF-73C19B271776}.Release|Any CPU.Deploy.0 = Release|Any CPU
		{2E158DA3-6240-469E-8C11-9DFCBC7FF177}.Debug|Any CPU.ActiveCfg = Debug|Any CPU
		{2E158DA3-6240-469E-8C11-9DFCBC7FF177}.Debug|Any CPU.Build.0 = Debug|Any CPU
		{2E158DA3-6240-469E-8C11-9DFCBC7FF177}.Debug|Any CPU.Deploy.0 = Debug|Any CPU
		{2E158DA3-6240-469E-8C11-9DFCBC7FF177}.Release|Any CPU.ActiveCfg = Release|Any CPU
		{2E158DA3-6240-469E-8C11-9DFCBC7FF177}.Release|Any CPU.Build.0 = Release|Any CPU
		{2E158DA3-6240-469E-8C11-9DFCBC7FF177}.Release|Any CPU.Deploy.0 = Release|Any CPU
	EndGlobalSection
	GlobalSection(SolutionProperties) = preSolution
		HideSolutionNode = FALSE
	EndGlobalSection
	GlobalSection(ExtensibilityGlobals) = postSolution
		SolutionGuid = {4B676676-5BE1-4EB2-83E2-0B7D6D60775B}
	EndGlobalSection
EndGlobal
